
Microsoft Visual Studio Solution File, Format Version 12.00
# Visual Studio Version 16
VisualStudioVersion = 16.0.29728.190
MinimumVisualStudioVersion = 10.0.40219.1
Project("{9A19103F-16F7-4668-BE54-9A1E7A4F7556}") = "MediumTest", "MediumTest\MediumTest.csproj", "{983545A9-62F2-48D2-92EF-18BBB4B06BA4}"
EndProject
Project("{9A19103F-16F7-4668-BE54-9A1E7A4F7556}") = "MediumTest.Tests", "MediumTest.Tests\MediumTest.Tests.csproj", "{44F7B3CC-A07F-4120-AC56-505528D059BB}"
EndProject
Project("{FAE04EC0-301F-11D3-BF4B-00C04F79EFBC}") = "MediumTest.Tests2", "MediumTest.Tests2\MediumTest.Tests2.csproj", "{F90CC205-B505-4C8D-AAE7-0FD8481F30EE}"
EndProject
Global
	GlobalSection(SolutionConfigurationPlatforms) = preSolution
		Debug|Any CPU = Debug|Any CPU
		Release|Any CPU = Release|Any CPU
	EndGlobalSection
	GlobalSection(ProjectConfigurationPlatforms) = postSolution
		{983545A9-62F2-48D2-92EF-18BBB4B06BA4}.Debug|Any CPU.ActiveCfg = Debug|Any CPU
		{983545A9-62F2-48D2-92EF-18BBB4B06BA4}.Debug|Any CPU.Build.0 = Debug|Any CPU
		{983545A9-62F2-48D2-92EF-18BBB4B06BA4}.Release|Any CPU.ActiveCfg = Release|Any CPU
		{983545A9-62F2-48D2-92EF-18BBB4B06BA4}.Release|Any CPU.Build.0 = Release|Any CPU
		{44F7B3CC-A07F-4120-AC56-505528D059BB}.Debug|Any CPU.ActiveCfg = Debug|Any CPU
		{44F7B3CC-A07F-4120-AC56-505528D059BB}.Debug|Any CPU.Build.0 = Debug|Any CPU
		{44F7B3CC-A07F-4120-AC56-505528D059BB}.Release|Any CPU.ActiveCfg = Release|Any CPU
		{44F7B3CC-A07F-4120-AC56-505528D059BB}.Release|Any CPU.Build.0 = Release|Any CPU
		{F90CC205-B505-4C8D-AAE7-0FD8481F30EE}.Debug|Any CPU.ActiveCfg = Debug|Any CPU
		{F90CC205-B505-4C8D-AAE7-0FD8481F30EE}.Debug|Any CPU.Build.0 = Debug|Any CPU
		{F90CC205-B505-4C8D-AAE7-0FD8481F30EE}.Release|Any CPU.ActiveCfg = Release|Any CPU
		{F90CC205-B505-4C8D-AAE7-0FD8481F30EE}.Release|Any CPU.Build.0 = Release|Any CPU
	EndGlobalSection
	GlobalSection(SolutionProperties) = preSolution
		HideSolutionNode = FALSE
	EndGlobalSection
	GlobalSection(ExtensibilityGlobals) = postSolution
		SolutionGuid = {8755125E-75C0-48A9-8873-F55FA39D09BD}
	EndGlobalSection
EndGlobal
